
Microsoft Visual Studio Solution File, Format Version 12.00
# Visual Studio Version 17
VisualStudioVersion = 17.14.37111.16 d17.14
MinimumVisualStudioVersion = 10.0.40219.1
Project("{2150E333-8FDC-42A3-9474-1A3956D46DE8}") = "Modelo", "Modelo", "{02EA681E-C7D8-13C7-8484-4AC65E1B71E8}"
EndProject
Project("{2150E333-8FDC-42A3-9474-1A3956D46DE8}") = "Vista", "Vista", "{54990F90-A96E-4249-B902-F52744DE67A2}"
EndProject
Project("{FAE04EC0-301F-11D3-BF4B-00C04F79EFBC}") = "Modelos", "Modelos\Modelos.csproj", "{102BD207-F1CC-4001-8350-742B5ED42507}"
EndProject
Project("{FAE04EC0-301F-11D3-BF4B-00C04F79EFBC}") = "Vista", "Vista\Vista.csproj", "{CABFE993-F4E2-4D15-A22C-AAA32F73073F}"
EndProject
Global
	GlobalSection(SolutionConfigurationPlatforms) = preSolution
		Debug|Any CPU = Debug|Any CPU
		Release|Any CPU = Release|Any CPU
	EndGlobalSection
	GlobalSection(ProjectConfigurationPlatforms) = postSolution
		{102BD207-F1CC-4001-8350-742B5ED42507}.Debug|Any CPU.ActiveCfg = Debug|Any CPU
		{102BD207-F1CC-4001-8350-742B5ED42507}.Debug|Any CPU.Build.0 = Debug|Any CPU
		{102BD207-F1CC-4001-8350-742B5ED42507}.Release|Any CPU.ActiveCfg = Release|Any CPU
		{102BD207-F1CC-4001-8350-742B5ED42507}.Release|Any CPU.Build.0 = Release|Any CPU
		{CABFE993-F4E2-4D15-A22C-AAA32F73073F}.Debug|Any CPU.ActiveCfg = Debug|Any CPU
		{CABFE993-F4E2-4D15-A22C-AAA32F73073F}.Debug|Any CPU.Build.0 = Debug|Any CPU
		{CABFE993-F4E2-4D15-A22C-AAA32F73073F}.Release|Any CPU.ActiveCfg = Release|Any CPU
		{CABFE993-F4E2-4D15-A22C-AAA32F73073F}.Release|Any CPU.Build.0 = Release|Any CPU
	EndGlobalSection
	GlobalSection(SolutionProperties) = preSolution
		HideSolutionNode = FALSE
	EndGlobalSection
	GlobalSection(NestedProjects) = preSolution
		{102BD207-F1CC-4001-8350-742B5ED42507} = {02EA681E-C7D8-13C7-8484-4AC65E1B71E8}
		{CABFE993-F4E2-4D15-A22C-AAA32F73073F} = {54990F90-A96E-4249-B902-F52744DE67A2}
	EndGlobalSection
	GlobalSection(ExtensibilityGlobals) = postSolution
		SolutionGuid = {6DEC71E2-19F2-4D6E-8BCA-24583116BDE2}
	EndGlobalSection
EndGlobal
